
Microsoft Visual Studio Solution File, Format Version 12.00
# Visual Studio Version 17
VisualStudioVersion = 17.7.34221.43
MinimumVisualStudioVersion = 10.0.40219.1
Project("{FAE04EC0-301F-11D3-BF4B-00C04F79EFBC}") = "RasterDBConvert", "RasterDBConvert\RasterDBConvert.csproj", "{CFC45A7A-A719-4731-A0CE-663F67BF7F96}"
EndProject
Global
	GlobalSection(SolutionConfigurationPlatforms) = preSolution
		Debug|Any CPU = Debug|Any CPU
		Release|Any CPU = Release|Any CPU
	EndGlobalSection
	GlobalSection(ProjectConfigurationPlatforms) = postSolution
		{CFC45A7A-A719-4731-A0CE-663F67BF7F96}.Debug|Any CPU.ActiveCfg = Debug|Any CPU
		{CFC45A7A-A719-4731-A0CE-663F67BF7F96}.Debug|Any CPU.Build.0 = Debug|Any CPU
		{CFC45A7A-A719-4731-A0CE-663F67BF7F96}.Release|Any CPU.ActiveCfg = Release|Any CPU
		{CFC45A7A-A719-4731-A0CE-663F67BF7F96}.Release|Any CPU.Build.0 = Release|Any CPU
	EndGlobalSection
	GlobalSection(SolutionProperties) = preSolution
		HideSolutionNode = FALSE
	EndGlobalSection
	GlobalSection(ExtensibilityGlobals) = postSolution
		SolutionGuid = {F1843863-59AA-4D4F-9F39-3F3A8657A0F2}
	EndGlobalSection
EndGlobal
